Microsoft Visual Studio Solution File, Format Version 11.00
# Visual Studio 2008

Project("{7E29E9A6-9506-3361-A824-744FEE6E8543}") = "PROJETO ANDROID", "Assembly-CSharp-firstpass.csproj", "{8BD1C8D6-7D23-278D-07B5-3DBA60B98231}"
EndProject
Project("{7E29E9A6-9506-3361-A824-744FEE6E8543}") = "PROJETO ANDROID", "Assembly-CSharp.csproj", "{3B157C3D-E98A-55BF-6EDC-1C7FDE228679}"
EndProject
Project("{7E29E9A6-9506-3361-A824-744FEE6E8543}") = "PROJETO ANDROID", "Assembly-CSharp-Editor.csproj", "{BA49CEFE-5410-B873-41A1-8F875797E57D}"
EndProject
Project("{7E29E9A6-9506-3361-A824-744FEE6E8543}") = "PROJETO ANDROID", "Assembly-UnityScript.unityproj", "{A95A3FBB-9DE2-C517-F3B7-6A2A85BC1116}"
EndProject
Global
	GlobalSection(SolutionConfigurationPlatforms) = preSolution
		Debug|Any CPU = Debug|Any CPU
		Release|Any CPU = Release|Any CPU
	EndGlobalSection
	GlobalSection(ProjectConfigurationPlatforms) = postSolution
		{8BD1C8D6-7D23-278D-07B5-3DBA60B98231}.Debug|Any CPU.ActiveCfg = Debug|Any CPU
		{8BD1C8D6-7D23-278D-07B5-3DBA60B98231}.Debug|Any CPU.Build.0 = Debug|Any CPU
		{8BD1C8D6-7D23-278D-07B5-3DBA60B98231}.Release|Any CPU.ActiveCfg = Release|Any CPU
		{8BD1C8D6-7D23-278D-07B5-3DBA60B98231}.Release|Any CPU.Build.0 = Release|Any CPU
		{3B157C3D-E98A-55BF-6EDC-1C7FDE228679}.Debug|Any CPU.ActiveCfg = Debug|Any CPU
		{3B157C3D-E98A-55BF-6EDC-1C7FDE228679}.Debug|Any CPU.Build.0 = Debug|Any CPU
		{3B157C3D-E98A-55BF-6EDC-1C7FDE228679}.Release|Any CPU.ActiveCfg = Release|Any CPU
		{3B157C3D-E98A-55BF-6EDC-1C7FDE228679}.Release|Any CPU.Build.0 = Release|Any CPU
		{BA49CEFE-5410-B873-41A1-8F875797E57D}.Debug|Any CPU.ActiveCfg = Debug|Any CPU
		{BA49CEFE-5410-B873-41A1-8F875797E57D}.Debug|Any CPU.Build.0 = Debug|Any CPU
		{BA49CEFE-5410-B873-41A1-8F875797E57D}.Release|Any CPU.ActiveCfg = Release|Any CPU
		{BA49CEFE-5410-B873-41A1-8F875797E57D}.Release|Any CPU.Build.0 = Release|Any CPU
		{A95A3FBB-9DE2-C517-F3B7-6A2A85BC1116}.Debug|Any CPU.ActiveCfg = Debug|Any CPU
		{A95A3FBB-9DE2-C517-F3B7-6A2A85BC1116}.Debug|Any CPU.Build.0 = Debug|Any CPU
		{A95A3FBB-9DE2-C517-F3B7-6A2A85BC1116}.Release|Any CPU.ActiveCfg = Release|Any CPU
		{A95A3FBB-9DE2-C517-F3B7-6A2A85BC1116}.Release|Any CPU.Build.0 = Release|Any CPU
	EndGlobalSection
	GlobalSection(SolutionProperties) = preSolution
		HideSolutionNode = FALSE
	EndGlobalSection
						GlobalSection(MonoDevelopProperties) = preSolution
		StartupItem = Assembly-CSharp.csproj
		Policies = $0
		$0.TextStylePolicy = $1
		$1.inheritsSet = null
		$1.scope = text/x-csharp
		$0.CSharpFormattingPolicy = $2
		$2.inheritsSet = Mono
		$2.inheritsScope = text/x-csharp
		$2.scope = text/x-csharp
		$0.TextStylePolicy = $3
		$3.FileWidth = 120
		$3.TabWidth = 4
		$3.EolMarker = Unix
		$3.inheritsSet = Mono
		$3.inheritsScope = text/plain
		$3.scope = text/plain
	EndGlobalSection

EndGlobal
